
Microsoft Visual Studio Solution File, Format Version 12.00
# Visual Studio Version 17
VisualStudioVersion = 17.10.35013.160
MinimumVisualStudioVersion = 10.0.40219.1
Project("{9A19103F-16F7-4668-BE54-9A1E7A4F7556}") = "forms", "forms.csproj", "{08DF49B7-DBB9-4421-9C72-D751876FC2DE}"
EndProject
Global
	GlobalSection(SolutionConfigurationPlatforms) = preSolution
		Debug|Any CPU = Debug|Any CPU
		Release|Any CPU = Release|Any CPU
	EndGlobalSection
	GlobalSection(ProjectConfigurationPlatforms) = postSolution
		{08DF49B7-DBB9-4421-9C72-D751876FC2DE}.Debug|Any CPU.ActiveCfg = Debug|Any CPU
		{08DF49B7-DBB9-4421-9C72-D751876FC2DE}.Debug|Any CPU.Build.0 = Debug|Any CPU
		{08DF49B7-DBB9-4421-9C72-D751876FC2DE}.Release|Any CPU.ActiveCfg = Release|Any CPU
		{08DF49B7-DBB9-4421-9C72-D751876FC2DE}.Release|Any CPU.Build.0 = Release|Any CPU
	EndGlobalSection
	GlobalSection(SolutionProperties) = preSolution
		HideSolutionNode = FALSE
	EndGlobalSection
	GlobalSection(ExtensibilityGlobals) = postSolution
		SolutionGuid = {D40D5DD2-8AE1-47FC-948C-CE0D1C4FDD11}
	EndGlobalSection
EndGlobal
